<?xml version="1.0" encoding="UTF-8"?>
<!DOCTYPE plist PUBLIC "-//Apple//DTD PLIST 1.0//EN" "http://www.apple.com/DTDs/PropertyList-1.0.dtd">
<plist version="1.0">
<dict>
	<key>archiveVersion</key>
	<string>1</string>
	<key>classes</key>
	<dict/>
	<key>objectVersion</key>
	<string>46</string>
	<key>objects</key>
	<dict>
		<key>22BF11D1419B4F72A261AA80</key>
		<dict>
			<key>includeInIndex</key>
			<string>1</string>
			<key>isa</key>
			<string>PBXFileReference</string>
			<key>lastKnownFileType</key>
			<string>text.xcconfig</string>
			<key>name</key>
			<string>Pods.xcconfig</string>
			<key>path</key>
			<string>Pods/Pods.xcconfig</string>
			<key>sourceTree</key>
			<string>&lt;group&gt;</string>
		</dict>
		<key>24C19E734C224ECEB95B80FA</key>
		<dict>
			<key>buildActionMask</key>
			<string>2147483647</string>
			<key>files</key>
			<array/>
			<key>inputPaths</key>
			<array/>
			<key>isa</key>
			<string>PBXShellScriptBuildPhase</string>
			<key>name</key>
			<string>Check Pods Manifest.lock</string>
			<key>outputPaths</key>
			<array/>
			<key>runOnlyForDeploymentPostprocessing</key>
			<string>0</string>
			<key>shellPath</key>
			<string>/bin/sh</string>
			<key>shellScript</key>
			<string>diff "${PODS_ROOT}/../Podfile.lock" "${PODS_ROOT}/Manifest.lock" &gt; /dev/null
if [[ $? != 0 ]] ; then
    cat &lt;&lt; EOM
error: The sandbox is not in sync with the Podfile.lock. Run 'pod install' or update your CocoaPods installation.
EOM
    exit 1
fi
</string>
			<key>showEnvVarsInLog</key>
			<string>0</string>
		</dict>
		<key>275EBD7A4004468EBBF557AD</key>
		<dict>
			<key>fileRef</key>
			<string>79B29FCB861A4B52A9204D94</string>
			<key>isa</key>
			<string>PBXBuildFile</string>
		</dict>
		<key>79B29FCB861A4B52A9204D94</key>
		<dict>
			<key>explicitFileType</key>
			<string>archive.ar</string>
			<key>includeInIndex</key>
			<string>0</string>
			<key>isa</key>
			<string>PBXFileReference</string>
			<key>path</key>
			<string>libPods.a</string>
			<key>sourceTree</key>
			<string>BUILT_PRODUCTS_DIR</string>
		</dict>
		<key>DC18CC658FC04B01AA2C942A</key>
		<dict>
			<key>buildActionMask</key>
			<string>2147483647</string>
			<key>files</key>
			<array/>
			<key>inputPaths</key>
			<array/>
			<key>isa</key>
			<string>PBXShellScriptBuildPhase</string>
			<key>name</key>
			<string>Copy Pods Resources</string>
			<key>outputPaths</key>
			<array/>
			<key>runOnlyForDeploymentPostprocessing</key>
			<string>0</string>
			<key>shellPath</key>
			<string>/bin/sh</string>
			<key>shellScript</key>
			<string>"${SRCROOT}/Pods/Pods-resources.sh"
</string>
			<key>showEnvVarsInLog</key>
			<string>0</string>
		</dict>
		<key>FDD43174190A848E0056B7DA</key>
		<dict>
			<key>children</key>
			<array>
				<string>FDD43186190A848F0056B7DA</string>
				<string>FDD431A5190A84920056B7DA</string>
				<string>FDD4317F190A848F0056B7DA</string>
				<string>FDD4317E190A848F0056B7DA</string>
				<string>22BF11D1419B4F72A261AA80</string>
			</array>
			<key>isa</key>
			<string>PBXGroup</string>
			<key>sourceTree</key>
			<string>&lt;group&gt;</string>
		</dict>
		<key>FDD43175190A848E0056B7DA</key>
		<dict>
			<key>attributes</key>
			<dict>
				<key>CLASSPREFIX</key>
				<string>FS</string>
				<key>LastUpgradeCheck</key>
				<string>0500</string>
				<key>ORGANIZATIONNAME</key>
				<string>Tolga Caner</string>
				<key>TargetAttributes</key>
				<dict>
					<key>FDD4319D190A84920056B7DA</key>
					<dict>
						<key>TestTargetID</key>
						<string>FDD4317C190A848F0056B7DA</string>
					</dict>
				</dict>
			</dict>
			<key>buildConfigurationList</key>
			<string>FDD43178190A848E0056B7DA</string>
			<key>compatibilityVersion</key>
			<string>Xcode 3.2</string>
			<key>developmentRegion</key>
			<string>English</string>
			<key>hasScannedForEncodings</key>
			<string>0</string>
			<key>isa</key>
			<string>PBXProject</string>
			<key>knownRegions</key>
			<array>
				<string>en</string>
				<string>Base</string>
			</array>
			<key>mainGroup</key>
			<string>FDD43174190A848E0056B7DA</string>
			<key>productRefGroup</key>
			<string>FDD4317E190A848F0056B7DA</string>
			<key>projectDirPath</key>
			<string></string>
			<key>projectReferences</key>
			<array/>
			<key>projectRoot</key>
			<string></string>
			<key>targets</key>
			<array>
				<string>FDD4317C190A848F0056B7DA</string>
				<string>FDD4319D190A84920056B7DA</string>
			</array>
		</dict>
		<key>FDD43178190A848E0056B7DA</key>
		<dict>
			<key>buildConfigurations</key>
			<array>
				<string>FDD431AD190A84920056B7DA</string>
				<string>FDD431AE190A84920056B7DA</string>
			</array>
			<key>defaultConfigurationIsVisible</key>
			<string>0</string>
			<key>defaultConfigurationName</key>
			<string>Release</string>
			<key>isa</key>
			<string>XCConfigurationList</string>
		</dict>
		<key>FDD43179190A848F0056B7DA</key>
		<dict>
			<key>buildActionMask</key>
			<string>2147483647</string>
			<key>files</key>
			<array>
				<string>FDD4318D190A848F0056B7DA</string>
				<string>FDD43191190A84900056B7DA</string>
				<string>FDD43197190A84910056B7DA</string>
			</array>
			<key>isa</key>
			<string>PBXSourcesBuildPhase</string>
			<key>runOnlyForDeploymentPostprocessing</key>
			<string>0</string>
		</dict>
		<key>FDD4317A190A848F0056B7DA</key>
		<dict>
			<key>buildActionMask</key>
			<string>2147483647</string>
			<key>files</key>
			<array>
				<string>FDD43183190A848F0056B7DA</string>
				<string>FDD43185190A848F0056B7DA</string>
				<string>FDD43181190A848F0056B7DA</string>
				<string>275EBD7A4004468EBBF557AD</string>
			</array>
			<key>isa</key>
			<string>PBXFrameworksBuildPhase</string>
			<key>runOnlyForDeploymentPostprocessing</key>
			<string>0</string>
		</dict>
		<key>FDD4317B190A848F0056B7DA</key>
		<dict>
			<key>buildActionMask</key>
			<string>2147483647</string>
			<key>files</key>
			<array>
				<string>FDD43199190A84910056B7DA</string>
				<string>FDD4318B190A848F0056B7DA</string>
				<string>FDD43194190A84910056B7DA</string>
			</array>
			<key>isa</key>
			<string>PBXResourcesBuildPhase</string>
			<key>runOnlyForDeploymentPostprocessing</key>
			<string>0</string>
		</dict>
		<key>FDD4317C190A848F0056B7DA</key>
		<dict>
			<key>buildConfigurationList</key>
			<string>FDD431AF190A84920056B7DA</string>
			<key>buildPhases</key>
			<array>
				<string>24C19E734C224ECEB95B80FA</string>
				<string>FDD43179190A848F0056B7DA</string>
				<string>FDD4317A190A848F0056B7DA</string>
				<string>FDD4317B190A848F0056B7DA</string>
				<string>DC18CC658FC04B01AA2C942A</string>
			</array>
			<key>buildRules</key>
			<array/>
			<key>dependencies</key>
			<array/>
			<key>isa</key>
			<string>PBXNativeTarget</string>
			<key>name</key>
			<string>FourSqurae_TolgaCaner</string>
			<key>productName</key>
			<string>FourSqurae_TolgaCaner</string>
			<key>productReference</key>
			<string>FDD4317D190A848F0056B7DA</string>
			<key>productType</key>
			<string>com.apple.product-type.application</string>
		</dict>
		<key>FDD4317D190A848F0056B7DA</key>
		<dict>
			<key>explicitFileType</key>
			<string>wrapper.application</string>
			<key>includeInIndex</key>
			<string>0</string>
			<key>isa</key>
			<string>PBXFileReference</string>
			<key>path</key>
			<string>FourSqurae_TolgaCaner.app</string>
			<key>sourceTree</key>
			<string>BUILT_PRODUCTS_DIR</string>
		</dict>
		<key>FDD4317E190A848F0056B7DA</key>
		<dict>
			<key>children</key>
			<array>
				<string>FDD4317D190A848F0056B7DA</string>
				<string>FDD4319E190A84920056B7DA</string>
			</array>
			<key>isa</key>
			<string>PBXGroup</string>
			<key>name</key>
			<string>Products</string>
			<key>sourceTree</key>
			<string>&lt;group&gt;</string>
		</dict>
		<key>FDD4317F190A848F0056B7DA</key>
		<dict>
			<key>children</key>
			<array>
				<string>FDD43180190A848F0056B7DA</string>
				<string>FDD43182190A848F0056B7DA</string>
				<string>FDD43184190A848F0056B7DA</string>
				<string>FDD4319F190A84920056B7DA</string>
				<string>79B29FCB861A4B52A9204D94</string>
			</array>
			<key>isa</key>
			<string>PBXGroup</string>
			<key>name</key>
			<string>Frameworks</string>
			<key>sourceTree</key>
			<string>&lt;group&gt;</string>
		</dict>
		<key>FDD43180190A848F0056B7DA</key>
		<dict>
			<key>isa</key>
			<string>PBXFileReference</string>
			<key>lastKnownFileType</key>
			<string>wrapper.framework</string>
			<key>name</key>
			<string>Foundation.framework</string>
			<key>path</key>
			<string>System/Library/Frameworks/Foundation.framework</string>
			<key>sourceTree</key>
			<string>SDKROOT</string>
		</dict>
		<key>FDD43181190A848F0056B7DA</key>
		<dict>
			<key>fileRef</key>
			<string>FDD43180190A848F0056B7DA</string>
			<key>isa</key>
			<string>PBXBuildFile</string>
		</dict>
		<key>FDD43182190A848F0056B7DA</key>
		<dict>
			<key>isa</key>
			<string>PBXFileReference</string>
			<key>lastKnownFileType</key>
			<string>wrapper.framework</string>
			<key>name</key>
			<string>CoreGraphics.framework</string>
			<key>path</key>
			<string>System/Library/Frameworks/CoreGraphics.framework</string>
			<key>sourceTree</key>
			<string>SDKROOT</string>
		</dict>
		<key>FDD43183190A848F0056B7DA</key>
		<dict>
			<key>fileRef</key>
			<string>FDD43182190A848F0056B7DA</string>
			<key>isa</key>
			<string>PBXBuildFile</string>
		</dict>
		<key>FDD43184190A848F0056B7DA</key>
		<dict>
			<key>isa</key>
			<string>PBXFileReference</string>
			<key>lastKnownFileType</key>
			<string>wrapper.framework</string>
			<key>name</key>
			<string>UIKit.framework</string>
			<key>path</key>
			<string>System/Library/Frameworks/UIKit.framework</string>
			<key>sourceTree</key>
			<string>SDKROOT</string>
		</dict>
		<key>FDD43185190A848F0056B7DA</key>
		<dict>
			<key>fileRef</key>
			<string>FDD43184190A848F0056B7DA</string>
			<key>isa</key>
			<string>PBXBuildFile</string>
		</dict>
		<key>FDD43186190A848F0056B7DA</key>
		<dict>
			<key>children</key>
			<array>
				<string>FDD4318F190A84900056B7DA</string>
				<string>FDD43190190A84900056B7DA</string>
				<string>FDD43192190A84910056B7DA</string>
				<string>FDD43195190A84910056B7DA</string>
				<string>FDD43196190A84910056B7DA</string>
				<string>FDD43198190A84910056B7DA</string>
				<string>FDD43187190A848F0056B7DA</string>
			</array>
			<key>isa</key>
			<string>PBXGroup</string>
			<key>path</key>
			<string>FourSqurae_TolgaCaner</string>
			<key>sourceTree</key>
			<string>&lt;group&gt;</string>
		</dict>
		<key>FDD43187190A848F0056B7DA</key>
		<dict>
			<key>children</key>
			<array>
				<string>FDD43188190A848F0056B7DA</string>
				<string>FDD43189190A848F0056B7DA</string>
				<string>FDD4318C190A848F0056B7DA</string>
				<string>FDD4318E190A84900056B7DA</string>
			</array>
			<key>isa</key>
			<string>PBXGroup</string>
			<key>name</key>
			<string>Supporting Files</string>
			<key>sourceTree</key>
			<string>&lt;group&gt;</string>
		</dict>
		<key>FDD43188190A848F0056B7DA</key>
		<dict>
			<key>isa</key>
			<string>PBXFileReference</string>
			<key>lastKnownFileType</key>
			<string>text.plist.xml</string>
			<key>path</key>
			<string>FourSqurae_TolgaCaner-Info.plist</string>
			<key>sourceTree</key>
			<string>&lt;group&gt;</string>
		</dict>
		<key>FDD43189190A848F0056B7DA</key>
		<dict>
			<key>children</key>
			<array>
				<string>FDD4318A190A848F0056B7DA</string>
			</array>
			<key>isa</key>
			<string>PBXVariantGroup</string>
			<key>name</key>
			<string>InfoPlist.strings</string>
			<key>sourceTree</key>
			<string>&lt;group&gt;</string>
		</dict>
		<key>FDD4318A190A848F0056B7DA</key>
		<dict>
			<key>isa</key>
			<string>PBXFileReference</string>
			<key>lastKnownFileType</key>
			<string>text.plist.strings</string>
			<key>name</key>
			<string>en</string>
			<key>path</key>
			<string>en.lproj/InfoPlist.strings</string>
			<key>sourceTree</key>
			<string>&lt;group&gt;</string>
		</dict>
		<key>FDD4318B190A848F0056B7DA</key>
		<dict>
			<key>fileRef</key>
			<string>FDD43189190A848F0056B7DA</string>
			<key>isa</key>
			<string>PBXBuildFile</string>
		</dict>
		<key>FDD4318C190A848F0056B7DA</key>
		<dict>
			<key>isa</key>
			<string>PBXFileReference</string>
			<key>lastKnownFileType</key>
			<string>sourcecode.c.objc</string>
			<key>path</key>
			<string>main.m</string>
			<key>sourceTree</key>
			<string>&lt;group&gt;</string>
		</dict>
		<key>FDD4318D190A848F0056B7DA</key>
		<dict>
			<key>fileRef</key>
			<string>FDD4318C190A848F0056B7DA</string>
			<key>isa</key>
			<string>PBXBuildFile</string>
		</dict>
		<key>FDD4318E190A84900056B7DA</key>
		<dict>
			<key>isa</key>
			<string>PBXFileReference</string>
			<key>lastKnownFileType</key>
			<string>sourcecode.c.h</string>
			<key>path</key>
			<string>FourSqurae_TolgaCaner-Prefix.pch</string>
			<key>sourceTree</key>
			<string>&lt;group&gt;</string>
		</dict>
		<key>FDD4318F190A84900056B7DA</key>
		<dict>
			<key>isa</key>
			<string>PBXFileReference</string>
			<key>lastKnownFileType</key>
			<string>sourcecode.c.h</string>
			<key>path</key>
			<string>FSAppDelegate.h</string>
			<key>sourceTree</key>
			<string>&lt;group&gt;</string>
		</dict>
		<key>FDD43190190A84900056B7DA</key>
		<dict>
			<key>isa</key>
			<string>PBXFileReference</string>
			<key>lastKnownFileType</key>
			<string>sourcecode.c.objc</string>
			<key>path</key>
			<string>FSAppDelegate.m</string>
			<key>sourceTree</key>
			<string>&lt;group&gt;</string>
		</dict>
		<key>FDD43191190A84900056B7DA</key>
		<dict>
			<key>fileRef</key>
			<string>FDD43190190A84900056B7DA</string>
			<key>isa</key>
			<string>PBXBuildFile</string>
		</dict>
		<key>FDD43192190A84910056B7DA</key>
		<dict>
			<key>children</key>
			<array>
				<string>FDD43193190A84910056B7DA</string>
			</array>
			<key>isa</key>
			<string>PBXVariantGroup</string>
			<key>name</key>
			<string>Main.storyboard</string>
			<key>sourceTree</key>
			<string>&lt;group&gt;</string>
		</dict>
		<key>FDD43193190A84910056B7DA</key>
		<dict>
			<key>isa</key>
			<string>PBXFileReference</string>
			<key>lastKnownFileType</key>
			<string>file.storyboard</string>
			<key>name</key>
			<string>Base</string>
			<key>path</key>
			<string>Base.lproj/Main.storyboard</string>
			<key>sourceTree</key>
			<string>&lt;group&gt;</string>
		</dict>
		<key>FDD43194190A84910056B7DA</key>
		<dict>
			<key>fileRef</key>
			<string>FDD43192190A84910056B7DA</string>
			<key>isa</key>
			<string>PBXBuildFile</string>
		</dict>
		<key>FDD43195190A84910056B7DA</key>
		<dict>
			<key>isa</key>
			<string>PBXFileReference</string>
			<key>lastKnownFileType</key>
			<string>sourcecode.c.h</string>
			<key>path</key>
			<string>FSViewController.h</string>
			<key>sourceTree</key>
			<string>&lt;group&gt;</string>
		</dict>
		<key>FDD43196190A84910056B7DA</key>
		<dict>
			<key>isa</key>
			<string>PBXFileReference</string>
			<key>lastKnownFileType</key>
			<string>sourcecode.c.objc</string>
			<key>path</key>
			<string>FSViewController.m</string>
			<key>sourceTree</key>
			<string>&lt;group&gt;</string>
		</dict>
		<key>FDD43197190A84910056B7DA</key>
		<dict>
			<key>fileRef</key>
			<string>FDD43196190A84910056B7DA</string>
			<key>isa</key>
			<string>PBXBuildFile</string>
		</dict>
		<key>FDD43198190A84910056B7DA</key>
		<dict>
			<key>isa</key>
			<string>PBXFileReference</string>
			<key>lastKnownFileType</key>
			<string>folder.assetcatalog</string>
			<key>path</key>
			<string>Images.xcassets</string>
			<key>sourceTree</key>
			<string>&lt;group&gt;</string>
		</dict>
		<key>FDD43199190A84910056B7DA</key>
		<dict>
			<key>fileRef</key>
			<string>FDD43198190A84910056B7DA</string>
			<key>isa</key>
			<string>PBXBuildFile</string>
		</dict>
		<key>FDD4319A190A84920056B7DA</key>
		<dict>
			<key>buildActionMask</key>
			<string>2147483647</string>
			<key>files</key>
			<array>
				<string>FDD431AC190A84920056B7DA</string>
			</array>
			<key>isa</key>
			<string>PBXSourcesBuildPhase</string>
			<key>runOnlyForDeploymentPostprocessing</key>
			<string>0</string>
		</dict>
		<key>FDD4319B190A84920056B7DA</key>
		<dict>
			<key>buildActionMask</key>
			<string>2147483647</string>
			<key>files</key>
			<array>
				<string>FDD431A0190A84920056B7DA</string>
				<string>FDD431A2190A84920056B7DA</string>
				<string>FDD431A1190A84920056B7DA</string>
			</array>
			<key>isa</key>
			<string>PBXFrameworksBuildPhase</string>
			<key>runOnlyForDeploymentPostprocessing</key>
			<string>0</string>
		</dict>
		<key>FDD4319C190A84920056B7DA</key>
		<dict>
			<key>buildActionMask</key>
			<string>2147483647</string>
			<key>files</key>
			<array>
				<string>FDD431AA190A84920056B7DA</string>
			</array>
			<key>isa</key>
			<string>PBXResourcesBuildPhase</string>
			<key>runOnlyForDeploymentPostprocessing</key>
			<string>0</string>
		</dict>
		<key>FDD4319D190A84920056B7DA</key>
		<dict>
			<key>buildConfigurationList</key>
			<string>FDD431B2190A84920056B7DA</string>
			<key>buildPhases</key>
			<array>
				<string>FDD4319A190A84920056B7DA</string>
				<string>FDD4319B190A84920056B7DA</string>
				<string>FDD4319C190A84920056B7DA</string>
			</array>
			<key>buildRules</key>
			<array/>
			<key>dependencies</key>
			<array>
				<string>FDD431A4190A84920056B7DA</string>
			</array>
			<key>isa</key>
			<string>PBXNativeTarget</string>
			<key>name</key>
			<string>FourSqurae_TolgaCanerTests</string>
			<key>productName</key>
			<string>FourSqurae_TolgaCanerTests</string>
			<key>productReference</key>
			<string>FDD4319E190A84920056B7DA</string>
			<key>productType</key>
			<string>com.apple.product-type.bundle.unit-test</string>
		</dict>
		<key>FDD4319E190A84920056B7DA</key>
		<dict>
			<key>explicitFileType</key>
			<string>wrapper.cfbundle</string>
			<key>includeInIndex</key>
			<string>0</string>
			<key>isa</key>
			<string>PBXFileReference</string>
			<key>path</key>
			<string>FourSqurae_TolgaCanerTests.xctest</string>
			<key>sourceTree</key>
			<string>BUILT_PRODUCTS_DIR</string>
		</dict>
		<key>FDD4319F190A84920056B7DA</key>
		<dict>
			<key>isa</key>
			<string>PBXFileReference</string>
			<key>lastKnownFileType</key>
			<string>wrapper.framework</string>
			<key>name</key>
			<string>XCTest.framework</string>
			<key>path</key>
			<string>Library/Frameworks/XCTest.framework</string>
			<key>sourceTree</key>
			<string>DEVELOPER_DIR</string>
		</dict>
		<key>FDD431A0190A84920056B7DA</key>
		<dict>
			<key>fileRef</key>
			<string>FDD4319F190A84920056B7DA</string>
			<key>isa</key>
			<string>PBXBuildFile</string>
		</dict>
		<key>FDD431A1190A84920056B7DA</key>
		<dict>
			<key>fileRef</key>
			<string>FDD43180190A848F0056B7DA</string>
			<key>isa</key>
			<string>PBXBuildFile</string>
		</dict>
		<key>FDD431A2190A84920056B7DA</key>
		<dict>
			<key>fileRef</key>
			<string>FDD43184190A848F0056B7DA</string>
			<key>isa</key>
			<string>PBXBuildFile</string>
		</dict>
		<key>FDD431A3190A84920056B7DA</key>
		<dict>
			<key>containerPortal</key>
			<string>FDD43175190A848E0056B7DA</string>
			<key>isa</key>
			<string>PBXContainerItemProxy</string>
			<key>proxyType</key>
			<string>1</string>
			<key>remoteGlobalIDString</key>
			<string>FDD4317C190A848F0056B7DA</string>
			<key>remoteInfo</key>
			<string>FourSqurae_TolgaCaner</string>
		</dict>
		<key>FDD431A4190A84920056B7DA</key>
		<dict>
			<key>isa</key>
			<string>PBXTargetDependency</string>
			<key>target</key>
			<string>FDD4317C190A848F0056B7DA</string>
			<key>targetProxy</key>
			<string>FDD431A3190A84920056B7DA</string>
		</dict>
		<key>FDD431A5190A84920056B7DA</key>
		<dict>
			<key>children</key>
			<array>
				<string>FDD431AB190A84920056B7DA</string>
				<string>FDD431A6190A84920056B7DA</string>
			</array>
			<key>isa</key>
			<string>PBXGroup</string>
			<key>path</key>
			<string>FourSqurae_TolgaCanerTests</string>
			<key>sourceTree</key>
			<string>&lt;group&gt;</string>
		</dict>
		<key>FDD431A6190A84920056B7DA</key>
		<dict>
			<key>children</key>
			<array>
				<string>FDD431A7190A84920056B7DA</string>
				<string>FDD431A8190A84920056B7DA</string>
			</array>
			<key>isa</key>
			<string>PBXGroup</string>
			<key>name</key>
			<string>Supporting Files</string>
			<key>sourceTree</key>
			<string>&lt;group&gt;</string>
		</dict>
		<key>FDD431A7190A84920056B7DA</key>
		<dict>
			<key>isa</key>
			<string>PBXFileReference</string>
			<key>lastKnownFileType</key>
			<string>text.plist.xml</string>
			<key>path</key>
			<string>FourSqurae_TolgaCanerTests-Info.plist</string>
			<key>sourceTree</key>
			<string>&lt;group&gt;</string>
		</dict>
		<key>FDD431A8190A84920056B7DA</key>
		<dict>
			<key>children</key>
			<array>
				<string>FDD431A9190A84920056B7DA</string>
			</array>
			<key>isa</key>
			<string>PBXVariantGroup</string>
			<key>name</key>
			<string>InfoPlist.strings</string>
			<key>sourceTree</key>
			<string>&lt;group&gt;</string>
		</dict>
		<key>FDD431A9190A84920056B7DA</key>
		<dict>
			<key>isa</key>
			<string>PBXFileReference</string>
			<key>lastKnownFileType</key>
			<string>text.plist.strings</string>
			<key>name</key>
			<string>en</string>
			<key>path</key>
			<string>en.lproj/InfoPlist.strings</string>
			<key>sourceTree</key>
			<string>&lt;group&gt;</string>
		</dict>
		<key>FDD431AA190A84920056B7DA</key>
		<dict>
			<key>fileRef</key>
			<string>FDD431A8190A84920056B7DA</string>
			<key>isa</key>
			<string>PBXBuildFile</string>
		</dict>
		<key>FDD431AB190A84920056B7DA</key>
		<dict>
			<key>isa</key>
			<string>PBXFileReference</string>
			<key>lastKnownFileType</key>
			<string>sourcecode.c.objc</string>
			<key>path</key>
			<string>FourSqurae_TolgaCanerTests.m</string>
			<key>sourceTree</key>
			<string>&lt;group&gt;</string>
		</dict>
		<key>FDD431AC190A84920056B7DA</key>
		<dict>
			<key>fileRef</key>
			<string>FDD431AB190A84920056B7DA</string>
			<key>isa</key>
			<string>PBXBuildFile</string>
		</dict>
		<key>FDD431AD190A84920056B7DA</key>
		<dict>
			<key>buildSettings</key>
			<dict>
				<key>ALWAYS_SEARCH_USER_PATHS</key>
				<string>NO</string>
				<key>ARCHS</key>
				<string>$(ARCHS_STANDARD_INCLUDING_64_BIT)</string>
				<key>CLANG_CXX_LANGUAGE_STANDARD</key>
				<string>gnu++0x</string>
				<key>CLANG_CXX_LIBRARY</key>
				<string>libc++</string>
				<key>CLANG_ENABLE_MODULES</key>
				<string>YES</string>
				<key>CLANG_ENABLE_OBJC_ARC</key>
				<string>YES</string>
				<key>CLANG_WARN_BOOL_CONVERSION</key>
				<string>YES</string>
				<key>CLANG_WARN_CONSTANT_CONVERSION</key>
				<string>YES</string>
				<key>CLANG_WARN_DIRECT_OBJC_ISA_USAGE</key>
				<string>YES_ERROR</string>
				<key>CLANG_WARN_EMPTY_BODY</key>
				<string>YES</string>
				<key>CLANG_WARN_ENUM_CONVERSION</key>
				<string>YES</string>
				<key>CLANG_WARN_INT_CONVERSION</key>
				<string>YES</string>
				<key>CLANG_WARN_OBJC_ROOT_CLASS</key>
				<string>YES_ERROR</string>
				<key>CLANG_WARN__DUPLICATE_METHOD_MATCH</key>
				<string>YES</string>
				<key>CODE_SIGN_IDENTITY[sdk=iphoneos*]</key>
				<string>iPhone Developer</string>
				<key>COPY_PHASE_STRIP</key>
				<string>NO</string>
				<key>GCC_C_LANGUAGE_STANDARD</key>
				<string>gnu99</string>
				<key>GCC_DYNAMIC_NO_PIC</key>
				<string>NO</string>
				<key>GCC_OPTIMIZATION_LEVEL</key>
				<string>0</string>
				<key>GCC_PREPROCESSOR_DEFINITIONS</key>
				<array>
					<string>DEBUG=1</string>
					<string>$(inherited)</string>
				</array>
				<key>GCC_SYMBOLS_PRIVATE_EXTERN</key>
				<string>NO</string>
				<key>GCC_WARN_64_TO_32_BIT_CONVERSION</key>
				<string>YES</string>
				<key>GCC_WARN_ABOUT_RETURN_TYPE</key>
				<string>YES_ERROR</string>
				<key>GCC_WARN_UNDECLARED_SELECTOR</key>
				<string>YES</string>
				<key>GCC_WARN_UNINITIALIZED_AUTOS</key>
				<string>YES</string>
				<key>GCC_WARN_UNUSED_FUNCTION</key>
				<string>YES</string>
				<key>GCC_WARN_UNUSED_VARIABLE</key>
				<string>YES</string>
				<key>IPHONEOS_DEPLOYMENT_TARGET</key>
				<string>7.0</string>
				<key>ONLY_ACTIVE_ARCH</key>
				<string>YES</string>
				<key>SDKROOT</key>
				<string>iphoneos</string>
			</dict>
			<key>isa</key>
			<string>XCBuildConfiguration</string>
			<key>name</key>
			<string>Debug</string>
		</dict>
		<key>FDD431AE190A84920056B7DA</key>
		<dict>
			<key>buildSettings</key>
			<dict>
				<key>ALWAYS_SEARCH_USER_PATHS</key>
				<string>NO</string>
				<key>ARCHS</key>
				<string>$(ARCHS_STANDARD_INCLUDING_64_BIT)</string>
				<key>CLANG_CXX_LANGUAGE_STANDARD</key>
				<string>gnu++0x</string>
				<key>CLANG_CXX_LIBRARY</key>
				<string>libc++</string>
				<key>CLANG_ENABLE_MODULES</key>
				<string>YES</string>
				<key>CLANG_ENABLE_OBJC_ARC</key>
				<string>YES</string>
				<key>CLANG_WARN_BOOL_CONVERSION</key>
				<string>YES</string>
				<key>CLANG_WARN_CONSTANT_CONVERSION</key>
				<string>YES</string>
				<key>CLANG_WARN_DIRECT_OBJC_ISA_USAGE</key>
				<string>YES_ERROR</string>
				<key>CLANG_WARN_EMPTY_BODY</key>
				<string>YES</string>
				<key>CLANG_WARN_ENUM_CONVERSION</key>
				<string>YES</string>
				<key>CLANG_WARN_INT_CONVERSION</key>
				<string>YES</string>
				<key>CLANG_WARN_OBJC_ROOT_CLASS</key>
				<string>YES_ERROR</string>
				<key>CLANG_WARN__DUPLICATE_METHOD_MATCH</key>
				<string>YES</string>
				<key>CODE_SIGN_IDENTITY[sdk=iphoneos*]</key>
				<string>iPhone Developer</string>
				<key>COPY_PHASE_STRIP</key>
				<string>YES</string>
				<key>ENABLE_NS_ASSERTIONS</key>
				<string>NO</string>
				<key>GCC_C_LANGUAGE_STANDARD</key>
				<string>gnu99</string>
				<key>GCC_WARN_64_TO_32_BIT_CONVERSION</key>
				<string>YES</string>
				<key>GCC_WARN_ABOUT_RETURN_TYPE</key>
				<string>YES_ERROR</string>
				<key>GCC_WARN_UNDECLARED_SELECTOR</key>
				<string>YES</string>
				<key>GCC_WARN_UNINITIALIZED_AUTOS</key>
				<string>YES</string>
				<key>GCC_WARN_UNUSED_FUNCTION</key>
				<string>YES</string>
				<key>GCC_WARN_UNUSED_VARIABLE</key>
				<string>YES</string>
				<key>IPHONEOS_DEPLOYMENT_TARGET</key>
				<string>7.0</string>
				<key>SDKROOT</key>
				<string>iphoneos</string>
				<key>VALIDATE_PRODUCT</key>
				<string>YES</string>
			</dict>
			<key>isa</key>
			<string>XCBuildConfiguration</string>
			<key>name</key>
			<string>Release</string>
		</dict>
		<key>FDD431AF190A84920056B7DA</key>
		<dict>
			<key>buildConfigurations</key>
			<array>
				<string>FDD431B0190A84920056B7DA</string>
				<string>FDD431B1190A84920056B7DA</string>
			</array>
			<key>defaultConfigurationIsVisible</key>
			<string>0</string>
			<key>isa</key>
			<string>XCConfigurationList</string>
		</dict>
		<key>FDD431B0190A84920056B7DA</key>
		<dict>
			<key>baseConfigurationReference</key>
			<string>22BF11D1419B4F72A261AA80</string>
			<key>buildSettings</key>
			<dict>
				<key>ASSETCATALOG_COMPILER_APPICON_NAME</key>
				<string>AppIcon</string>
				<key>ASSETCATALOG_COMPILER_LAUNCHIMAGE_NAME</key>
				<string>LaunchImage</string>
				<key>GCC_PRECOMPILE_PREFIX_HEADER</key>
				<string>YES</string>
				<key>GCC_PREFIX_HEADER</key>
				<string>FourSqurae_TolgaCaner/FourSqurae_TolgaCaner-Prefix.pch</string>
				<key>INFOPLIST_FILE</key>
				<string>FourSqurae_TolgaCaner/FourSqurae_TolgaCaner-Info.plist</string>
				<key>PRODUCT_NAME</key>
				<string>$(TARGET_NAME)</string>
				<key>WRAPPER_EXTENSION</key>
				<string>app</string>
			</dict>
			<key>isa</key>
			<string>XCBuildConfiguration</string>
			<key>name</key>
			<string>Debug</string>
		</dict>
		<key>FDD431B1190A84920056B7DA</key>
		<dict>
			<key>baseConfigurationReference</key>
			<string>22BF11D1419B4F72A261AA80</string>
			<key>buildSettings</key>
			<dict>
				<key>ASSETCATALOG_COMPILER_APPICON_NAME</key>
				<string>AppIcon</string>
				<key>ASSETCATALOG_COMPILER_LAUNCHIMAGE_NAME</key>
				<string>LaunchImage</string>
				<key>GCC_PRECOMPILE_PREFIX_HEADER</key>
				<string>YES</string>
				<key>GCC_PREFIX_HEADER</key>
				<string>FourSqurae_TolgaCaner/FourSqurae_TolgaCaner-Prefix.pch</string>
				<key>INFOPLIST_FILE</key>
				<string>FourSqurae_TolgaCaner/FourSqurae_TolgaCaner-Info.plist</string>
				<key>PRODUCT_NAME</key>
				<string>$(TARGET_NAME)</string>
				<key>WRAPPER_EXTENSION</key>
				<string>app</string>
			</dict>
			<key>isa</key>
			<string>XCBuildConfiguration</string>
			<key>name</key>
			<string>Release</string>
		</dict>
		<key>FDD431B2190A84920056B7DA</key>
		<dict>
			<key>buildConfigurations</key>
			<array>
				<string>FDD431B3190A84920056B7DA</string>
				<string>FDD431B4190A84920056B7DA</string>
			</array>
			<key>defaultConfigurationIsVisible</key>
			<string>0</string>
			<key>isa</key>
			<string>XCConfigurationList</string>
		</dict>
		<key>FDD431B3190A84920056B7DA</key>
		<dict>
			<key>buildSettings</key>
			<dict>
				<key>ARCHS</key>
				<string>$(ARCHS_STANDARD_INCLUDING_64_BIT)</string>
				<key>BUNDLE_LOADER</key>
				<string>$(BUILT_PRODUCTS_DIR)/FourSqurae_TolgaCaner.app/FourSqurae_TolgaCaner</string>
				<key>FRAMEWORK_SEARCH_PATHS</key>
				<array>
					<string>$(SDKROOT)/Developer/Library/Frameworks</string>
					<string>$(inherited)</string>
					<string>$(DEVELOPER_FRAMEWORKS_DIR)</string>
				</array>
				<key>GCC_PRECOMPILE_PREFIX_HEADER</key>
				<string>YES</string>
				<key>GCC_PREFIX_HEADER</key>
				<string>FourSqurae_TolgaCaner/FourSqurae_TolgaCaner-Prefix.pch</string>
				<key>GCC_PREPROCESSOR_DEFINITIONS</key>
				<array>
					<string>DEBUG=1</string>
					<string>$(inherited)</string>
				</array>
				<key>INFOPLIST_FILE</key>
				<string>FourSqurae_TolgaCanerTests/FourSqurae_TolgaCanerTests-Info.plist</string>
				<key>PRODUCT_NAME</key>
				<string>$(TARGET_NAME)</string>
				<key>TEST_HOST</key>
				<string>$(BUNDLE_LOADER)</string>
				<key>WRAPPER_EXTENSION</key>
				<string>xctest</string>
			</dict>
			<key>isa</key>
			<string>XCBuildConfiguration</string>
			<key>name</key>
			<string>Debug</string>
		</dict>
		<key>FDD431B4190A84920056B7DA</key>
		<dict>
			<key>buildSettings</key>
			<dict>
				<key>ARCHS</key>
				<string>$(ARCHS_STANDARD_INCLUDING_64_BIT)</string>
				<key>BUNDLE_LOADER</key>
				<string>$(BUILT_PRODUCTS_DIR)/FourSqurae_TolgaCaner.app/FourSqurae_TolgaCaner</string>
				<key>FRAMEWORK_SEARCH_PATHS</key>
				<array>
					<string>$(SDKROOT)/Developer/Library/Frameworks</string>
					<string>$(inherited)</string>
					<string>$(DEVELOPER_FRAMEWORKS_DIR)</string>
				</array>
				<key>GCC_PRECOMPILE_PREFIX_HEADER</key>
				<string>YES</string>
				<key>GCC_PREFIX_HEADER</key>
				<string>FourSqurae_TolgaCaner/FourSqurae_TolgaCaner-Prefix.pch</string>
				<key>INFOPLIST_FILE</key>
				<string>FourSqurae_TolgaCanerTests/FourSqurae_TolgaCanerTests-Info.plist</string>
				<key>PRODUCT_NAME</key>
				<string>$(TARGET_NAME)</string>
				<key>TEST_HOST</key>
				<string>$(BUNDLE_LOADER)</string>
				<key>WRAPPER_EXTENSION</key>
				<string>xctest</string>
			</dict>
			<key>isa</key>
			<string>XCBuildConfiguration</string>
			<key>name</key>
			<string>Release</string>
		</dict>
	</dict>
	<key>rootObject</key>
	<string>FDD43175190A848E0056B7DA</string>
</dict>
</plist>
